
Microsoft Visual Studio Solution File, Format Version 12.00
# Visual Studio Version 17
VisualStudioVersion = 17.10.34916.146
MinimumVisualStudioVersion = 10.0.40219.1
Project("{FAE04EC0-301F-11D3-BF4B-00C04F79EFBC}") = "WindowsFormApp", "WindowsFormApp\WindowsFormApp.csproj", "{AB4961A7-0678-444F-90A9-5BFC4C7B8593}"
EndProject
Global
	GlobalSection(SolutionConfigurationPlatforms) = preSolution
		Debug|Any CPU = Debug|Any CPU
		Release|Any CPU = Release|Any CPU
	EndGlobalSection
	GlobalSection(ProjectConfigurationPlatforms) = postSolution
		{AB4961A7-0678-444F-90A9-5BFC4C7B8593}.Debug|Any CPU.ActiveCfg = Debug|Any CPU
		{AB4961A7-0678-444F-90A9-5BFC4C7B8593}.Debug|Any CPU.Build.0 = Debug|Any CPU
		{AB4961A7-0678-444F-90A9-5BFC4C7B8593}.Release|Any CPU.ActiveCfg = Release|Any CPU
		{AB4961A7-0678-444F-90A9-5BFC4C7B8593}.Release|Any CPU.Build.0 = Release|Any CPU
	EndGlobalSection
	GlobalSection(SolutionProperties) = preSolution
		HideSolutionNode = FALSE
	EndGlobalSection
	GlobalSection(ExtensibilityGlobals) = postSolution
		SolutionGuid = {81A4D396-E790-4388-AE5C-BD6A47EFB6B2}
	EndGlobalSection
EndGlobal
